
Microsoft Visual Studio Solution File, Format Version 12.00
# Visual Studio 15
VisualStudioVersion = 15.0.27130.2010
MinimumVisualStudioVersion = 10.0.40219.1
Project("{F184B08F-C81C-45F6-A57F-5ABD9991F28F}") = "AutoJumpGame", "AutoJumpGame\AutoJumpGame.vbproj", "{631F5BF5-1110-4279-9FB8-19018526AB6D}"
EndProject
Project("{2150E333-8FDC-42A3-9474-1A3956D46DE8}") = "Libraries", "Libraries", "{A36DDAE1-9C4D-4897-BA90-27568E4AB88F}"
EndProject
Project("{2150E333-8FDC-42A3-9474-1A3956D46DE8}") = "App", "App", "{68426C76-5ED2-4913-BF00-F5B9E84F4CF1}"
EndProject
Project("{2150E333-8FDC-42A3-9474-1A3956D46DE8}") = "Core", "Core", "{AD4DCBA5-E4F5-4AF4-92DF-979C7B80CFEC}"
EndProject
Project("{2150E333-8FDC-42A3-9474-1A3956D46DE8}") = "Platform", "Platform", "{9D8CDBF5-B1C1-4216-85AB-E6AA5391462A}"
EndProject
Project("{F184B08F-C81C-45F6-A57F-5ABD9991F28F}") = "AutoJump.Platform.Android", "AutoJump.Platform.Android\AutoJump.Platform.Android.vbproj", "{E551E7AC-2C9D-4F8B-ABB6-ABD4EB7A967F}"
EndProject
Project("{F184B08F-C81C-45F6-A57F-5ABD9991F28F}") = "AutoJump.Robot.Simple", "AutoJump.Robot.Simple\AutoJump.Robot.Simple.vbproj", "{0F97ED85-3A81-405B-915D-76E7D30ACC99}"
EndProject
Project("{2150E333-8FDC-42A3-9474-1A3956D46DE8}") = "Robot", "Robot", "{243F1C07-1E09-47DF-A113-6C7D9C5C5153}"
EndProject
Project("{F184B08F-C81C-45F6-A57F-5ABD9991F28F}") = "AutoJump.Core", "AutoJump.Core\AutoJump.Core.vbproj", "{B9637F5E-D7F7-489B-9394-3C2EE93314E4}"
EndProject
Project("{F184B08F-C81C-45F6-A57F-5ABD9991F28F}") = "AutoJump.Platform.IOS", "AutoJump.Platform.IOS\AutoJump.Platform.IOS.vbproj", "{7729B2AF-E05D-4903-963C-CAEA6FC019AA}"
EndProject
Global
	GlobalSection(SolutionConfigurationPlatforms) = preSolution
		Debug|Any CPU = Debug|Any CPU
		Release|Any CPU = Release|Any CPU
	EndGlobalSection
	GlobalSection(ProjectConfigurationPlatforms) = postSolution
		{631F5BF5-1110-4279-9FB8-19018526AB6D}.Debug|Any CPU.ActiveCfg = Debug|Any CPU
		{631F5BF5-1110-4279-9FB8-19018526AB6D}.Debug|Any CPU.Build.0 = Debug|Any CPU
		{631F5BF5-1110-4279-9FB8-19018526AB6D}.Release|Any CPU.ActiveCfg = Release|Any CPU
		{631F5BF5-1110-4279-9FB8-19018526AB6D}.Release|Any CPU.Build.0 = Release|Any CPU
		{E551E7AC-2C9D-4F8B-ABB6-ABD4EB7A967F}.Debug|Any CPU.ActiveCfg = Debug|Any CPU
		{E551E7AC-2C9D-4F8B-ABB6-ABD4EB7A967F}.Debug|Any CPU.Build.0 = Debug|Any CPU
		{E551E7AC-2C9D-4F8B-ABB6-ABD4EB7A967F}.Release|Any CPU.ActiveCfg = Release|Any CPU
		{E551E7AC-2C9D-4F8B-ABB6-ABD4EB7A967F}.Release|Any CPU.Build.0 = Release|Any CPU
		{0F97ED85-3A81-405B-915D-76E7D30ACC99}.Debug|Any CPU.ActiveCfg = Debug|Any CPU
		{0F97ED85-3A81-405B-915D-76E7D30ACC99}.Debug|Any CPU.Build.0 = Debug|Any CPU
		{0F97ED85-3A81-405B-915D-76E7D30ACC99}.Release|Any CPU.ActiveCfg = Release|Any CPU
		{0F97ED85-3A81-405B-915D-76E7D30ACC99}.Release|Any CPU.Build.0 = Release|Any CPU
		{B9637F5E-D7F7-489B-9394-3C2EE93314E4}.Debug|Any CPU.ActiveCfg = Debug|Any CPU
		{B9637F5E-D7F7-489B-9394-3C2EE93314E4}.Debug|Any CPU.Build.0 = Debug|Any CPU
		{B9637F5E-D7F7-489B-9394-3C2EE93314E4}.Release|Any CPU.ActiveCfg = Release|Any CPU
		{B9637F5E-D7F7-489B-9394-3C2EE93314E4}.Release|Any CPU.Build.0 = Release|Any CPU
		{7729B2AF-E05D-4903-963C-CAEA6FC019AA}.Debug|Any CPU.ActiveCfg = Debug|Any CPU
		{7729B2AF-E05D-4903-963C-CAEA6FC019AA}.Debug|Any CPU.Build.0 = Debug|Any CPU
		{7729B2AF-E05D-4903-963C-CAEA6FC019AA}.Release|Any CPU.ActiveCfg = Release|Any CPU
		{7729B2AF-E05D-4903-963C-CAEA6FC019AA}.Release|Any CPU.Build.0 = Release|Any CPU
	EndGlobalSection
	GlobalSection(SolutionProperties) = preSolution
		HideSolutionNode = FALSE
	EndGlobalSection
	GlobalSection(NestedProjects) = preSolution
		{631F5BF5-1110-4279-9FB8-19018526AB6D} = {68426C76-5ED2-4913-BF00-F5B9E84F4CF1}
		{AD4DCBA5-E4F5-4AF4-92DF-979C7B80CFEC} = {A36DDAE1-9C4D-4897-BA90-27568E4AB88F}
		{9D8CDBF5-B1C1-4216-85AB-E6AA5391462A} = {A36DDAE1-9C4D-4897-BA90-27568E4AB88F}
		{E551E7AC-2C9D-4F8B-ABB6-ABD4EB7A967F} = {9D8CDBF5-B1C1-4216-85AB-E6AA5391462A}
		{0F97ED85-3A81-405B-915D-76E7D30ACC99} = {243F1C07-1E09-47DF-A113-6C7D9C5C5153}
		{243F1C07-1E09-47DF-A113-6C7D9C5C5153} = {A36DDAE1-9C4D-4897-BA90-27568E4AB88F}
		{B9637F5E-D7F7-489B-9394-3C2EE93314E4} = {AD4DCBA5-E4F5-4AF4-92DF-979C7B80CFEC}
		{7729B2AF-E05D-4903-963C-CAEA6FC019AA} = {9D8CDBF5-B1C1-4216-85AB-E6AA5391462A}
	EndGlobalSection
	GlobalSection(ExtensibilityGlobals) = postSolution
		SolutionGuid = {448C7B02-5527-47AB-8423-988763EDCA94}
	EndGlobalSection
EndGlobal
